
Microsoft Visual Studio Solution File, Format Version 12.00
# Visual Studio Version 16
VisualStudioVersion = 16.0.810.7
MinimumVisualStudioVersion = 10.0.40219.1
Project("{9A19103F-16F7-4668-BE54-9A1E7A4F7556}") = "TestRobot.Library", "TestRobot.Library.csproj", "{D6BA7BE3-54F9-42ED-AE08-9E67C9379241}"
EndProject
Project("{9A19103F-16F7-4668-BE54-9A1E7A4F7556}") = "Playground.UnitTests", "..\Playground.UnitTests\Playground.UnitTests.csproj", "{7486AAB4-AF27-488E-B59C-97896C8AB5C9}"
EndProject
Project("{9A19103F-16F7-4668-BE54-9A1E7A4F7556}") = "TestRobot.CodeGenerator", "..\TestRobot.CodeGenerator\TestRobot.CodeGenerator.csproj", "{B90F970F-8861-42F4-B4B9-5719B03EB086}"
EndProject
Global
	GlobalSection(SolutionConfigurationPlatforms) = preSolution
		Debug|Any CPU = Debug|Any CPU
		DebugGenerator|Any CPU = DebugGenerator|Any CPU
		Release|Any CPU = Release|Any CPU
	EndGlobalSection
	GlobalSection(ProjectConfigurationPlatforms) = postSolution
		{D6BA7BE3-54F9-42ED-AE08-9E67C9379241}.Debug|Any CPU.ActiveCfg = Debug|Any CPU
		{D6BA7BE3-54F9-42ED-AE08-9E67C9379241}.Debug|Any CPU.Build.0 = Debug|Any CPU
		{D6BA7BE3-54F9-42ED-AE08-9E67C9379241}.DebugGenerator|Any CPU.ActiveCfg = DebugGenerator|Any CPU
		{D6BA7BE3-54F9-42ED-AE08-9E67C9379241}.DebugGenerator|Any CPU.Build.0 = DebugGenerator|Any CPU
		{D6BA7BE3-54F9-42ED-AE08-9E67C9379241}.Release|Any CPU.ActiveCfg = Release|Any CPU
		{D6BA7BE3-54F9-42ED-AE08-9E67C9379241}.Release|Any CPU.Build.0 = Release|Any CPU
		{7486AAB4-AF27-488E-B59C-97896C8AB5C9}.Debug|Any CPU.ActiveCfg = Debug|Any CPU
		{7486AAB4-AF27-488E-B59C-97896C8AB5C9}.Debug|Any CPU.Build.0 = Debug|Any CPU
		{7486AAB4-AF27-488E-B59C-97896C8AB5C9}.DebugGenerator|Any CPU.ActiveCfg = DebugGenerator|Any CPU
		{7486AAB4-AF27-488E-B59C-97896C8AB5C9}.DebugGenerator|Any CPU.Build.0 = DebugGenerator|Any CPU
		{7486AAB4-AF27-488E-B59C-97896C8AB5C9}.Release|Any CPU.ActiveCfg = Release|Any CPU
		{7486AAB4-AF27-488E-B59C-97896C8AB5C9}.Release|Any CPU.Build.0 = Release|Any CPU
		{B90F970F-8861-42F4-B4B9-5719B03EB086}.Debug|Any CPU.ActiveCfg = Debug|Any CPU
		{B90F970F-8861-42F4-B4B9-5719B03EB086}.Debug|Any CPU.Build.0 = Debug|Any CPU
		{B90F970F-8861-42F4-B4B9-5719B03EB086}.DebugGenerator|Any CPU.ActiveCfg = DebugGenerator|Any CPU
		{B90F970F-8861-42F4-B4B9-5719B03EB086}.DebugGenerator|Any CPU.Build.0 = DebugGenerator|Any CPU
		{B90F970F-8861-42F4-B4B9-5719B03EB086}.Release|Any CPU.ActiveCfg = Release|Any CPU
		{B90F970F-8861-42F4-B4B9-5719B03EB086}.Release|Any CPU.Build.0 = Release|Any CPU
	EndGlobalSection
	GlobalSection(SolutionProperties) = preSolution
		HideSolutionNode = FALSE
	EndGlobalSection
	GlobalSection(ExtensibilityGlobals) = postSolution
		SolutionGuid = {46849036-407F-4A90-A551-5323C5D2F22D}
	EndGlobalSection
EndGlobal
